
Microsoft Visual Studio Solution File, Format Version 12.00
# Visual Studio 15
VisualStudioVersion = 15.0.26124.0
MinimumVisualStudioVersion = 15.0.26124.0
Project("{FAE04EC0-301F-11D3-BF4B-00C04F79EFBC}") = "GameTOP", "GameTOP\GameTOP.csproj", "{42FF27AA-E045-4882-93AF-7AB053032549}"
EndProject
Project("{FAE04EC0-301F-11D3-BF4B-00C04F79EFBC}") = "GameTOP.Lib", "GameTOP.Lib\GameTOP.Lib.csproj", "{C6C3F7F9-A319-4720-8B0E-E6488EA1C485}"
EndProject
Project("{FAE04EC0-301F-11D3-BF4B-00C04F79EFBC}") = "GameTOP.Interface", "GameTOP.Interface\GameTOP.Interface.csproj", "{585EBD9F-0252-4791-BD86-9F44695E1774}"
EndProject
Global
	GlobalSection(SolutionConfigurationPlatforms) = preSolution
		Debug|Any CPU = Debug|Any CPU
		Debug|x64 = Debug|x64
		Debug|x86 = Debug|x86
		Release|Any CPU = Release|Any CPU
		Release|x64 = Release|x64
		Release|x86 = Release|x86
	EndGlobalSection
	GlobalSection(SolutionProperties) = preSolution
		HideSolutionNode = FALSE
	EndGlobalSection
	GlobalSection(ProjectConfigurationPlatforms) = postSolution
		{42FF27AA-E045-4882-93AF-7AB053032549}.Debug|Any CPU.ActiveCfg = Debug|Any CPU
		{42FF27AA-E045-4882-93AF-7AB053032549}.Debug|Any CPU.Build.0 = Debug|Any CPU
		{42FF27AA-E045-4882-93AF-7AB053032549}.Debug|x64.ActiveCfg = Debug|Any CPU
		{42FF27AA-E045-4882-93AF-7AB053032549}.Debug|x64.Build.0 = Debug|Any CPU
		{42FF27AA-E045-4882-93AF-7AB053032549}.Debug|x86.ActiveCfg = Debug|Any CPU
		{42FF27AA-E045-4882-93AF-7AB053032549}.Debug|x86.Build.0 = Debug|Any CPU
		{42FF27AA-E045-4882-93AF-7AB053032549}.Release|Any CPU.ActiveCfg = Release|Any CPU
		{42FF27AA-E045-4882-93AF-7AB053032549}.Release|Any CPU.Build.0 = Release|Any CPU
		{42FF27AA-E045-4882-93AF-7AB053032549}.Release|x64.ActiveCfg = Release|Any CPU
		{42FF27AA-E045-4882-93AF-7AB053032549}.Release|x64.Build.0 = Release|Any CPU
		{42FF27AA-E045-4882-93AF-7AB053032549}.Release|x86.ActiveCfg = Release|Any CPU
		{42FF27AA-E045-4882-93AF-7AB053032549}.Release|x86.Build.0 = Release|Any CPU
		{C6C3F7F9-A319-4720-8B0E-E6488EA1C485}.Debug|Any CPU.ActiveCfg = Debug|Any CPU
		{C6C3F7F9-A319-4720-8B0E-E6488EA1C485}.Debug|Any CPU.Build.0 = Debug|Any CPU
		{C6C3F7F9-A319-4720-8B0E-E6488EA1C485}.Debug|x64.ActiveCfg = Debug|Any CPU
		{C6C3F7F9-A319-4720-8B0E-E6488EA1C485}.Debug|x64.Build.0 = Debug|Any CPU
		{C6C3F7F9-A319-4720-8B0E-E6488EA1C485}.Debug|x86.ActiveCfg = Debug|Any CPU
		{C6C3F7F9-A319-4720-8B0E-E6488EA1C485}.Debug|x86.Build.0 = Debug|Any CPU
		{C6C3F7F9-A319-4720-8B0E-E6488EA1C485}.Release|Any CPU.ActiveCfg = Release|Any CPU
		{C6C3F7F9-A319-4720-8B0E-E6488EA1C485}.Release|Any CPU.Build.0 = Release|Any CPU
		{C6C3F7F9-A319-4720-8B0E-E6488EA1C485}.Release|x64.ActiveCfg = Release|Any CPU
		{C6C3F7F9-A319-4720-8B0E-E6488EA1C485}.Release|x64.Build.0 = Release|Any CPU
		{C6C3F7F9-A319-4720-8B0E-E6488EA1C485}.Release|x86.ActiveCfg = Release|Any CPU
		{C6C3F7F9-A319-4720-8B0E-E6488EA1C485}.Release|x86.Build.0 = Release|Any CPU
		{585EBD9F-0252-4791-BD86-9F44695E1774}.Debug|Any CPU.ActiveCfg = Debug|Any CPU
		{585EBD9F-0252-4791-BD86-9F44695E1774}.Debug|Any CPU.Build.0 = Debug|Any CPU
		{585EBD9F-0252-4791-BD86-9F44695E1774}.Debug|x64.ActiveCfg = Debug|Any CPU
		{585EBD9F-0252-4791-BD86-9F44695E1774}.Debug|x64.Build.0 = Debug|Any CPU
		{585EBD9F-0252-4791-BD86-9F44695E1774}.Debug|x86.ActiveCfg = Debug|Any CPU
		{585EBD9F-0252-4791-BD86-9F44695E1774}.Debug|x86.Build.0 = Debug|Any CPU
		{585EBD9F-0252-4791-BD86-9F44695E1774}.Release|Any CPU.ActiveCfg = Release|Any CPU
		{585EBD9F-0252-4791-BD86-9F44695E1774}.Release|Any CPU.Build.0 = Release|Any CPU
		{585EBD9F-0252-4791-BD86-9F44695E1774}.Release|x64.ActiveCfg = Release|Any CPU
		{585EBD9F-0252-4791-BD86-9F44695E1774}.Release|x64.Build.0 = Release|Any CPU
		{585EBD9F-0252-4791-BD86-9F44695E1774}.Release|x86.ActiveCfg = Release|Any CPU
		{585EBD9F-0252-4791-BD86-9F44695E1774}.Release|x86.Build.0 = Release|Any CPU
	EndGlobalSection
EndGlobal
